
Microsoft Visual Studio Solution File, Format Version 12.00
# Visual Studio Version 17
VisualStudioVersion = 17.9.34616.47
MinimumVisualStudioVersion = 10.0.40219.1
Project("{FAE04EC0-301F-11D3-BF4B-00C04F79EFBC}") = "Sigpe.Backend.Api", "Sigpe.Backend.Api\Sigpe.Backend.Api.csproj", "{3AAFC6F9-F86A-43DF-8671-0F131E31E03B}"
EndProject
Project("{FAE04EC0-301F-11D3-BF4B-00C04F79EFBC}") = "Sigpe.Backend.Application", "Sigpe.Backend.Application\Sigpe.Backend.Application.csproj", "{7080EFA2-1F64-4CC7-9B20-7895A051D6C5}"
EndProject
Project("{FAE04EC0-301F-11D3-BF4B-00C04F79EFBC}") = "Sigpe.Backend.Infra.IoC", "Sigpe.Backend.Infra.IoC\Sigpe.Backend.Infra.IoC.csproj", "{56758DFB-B5EE-49E8-90C9-3E6D3872C8CA}"
EndProject
Project("{FAE04EC0-301F-11D3-BF4B-00C04F79EFBC}") = "Sigpe.Backend.Domain", "Sigpe.Backend.Domain\Sigpe.Backend.Domain.csproj", "{BBF3125D-1232-41D7-BB56-99272FEC64BE}"
EndProject
Project("{FAE04EC0-301F-11D3-BF4B-00C04F79EFBC}") = "Sigpe.BackEnd.Infra.Data", "Sigpe.BackEnd.Infra.Data\Sigpe.BackEnd.Infra.Data.csproj", "{384074B6-1CE4-452C-A663-D7946376062C}"
EndProject
Global
	GlobalSection(SolutionConfigurationPlatforms) = preSolution
		Debug|Any CPU = Debug|Any CPU
		Release|Any CPU = Release|Any CPU
	EndGlobalSection
	GlobalSection(ProjectConfigurationPlatforms) = postSolution
		{3AAFC6F9-F86A-43DF-8671-0F131E31E03B}.Debug|Any CPU.ActiveCfg = Debug|Any CPU
		{3AAFC6F9-F86A-43DF-8671-0F131E31E03B}.Debug|Any CPU.Build.0 = Debug|Any CPU
		{3AAFC6F9-F86A-43DF-8671-0F131E31E03B}.Release|Any CPU.ActiveCfg = Release|Any CPU
		{3AAFC6F9-F86A-43DF-8671-0F131E31E03B}.Release|Any CPU.Build.0 = Release|Any CPU
		{7080EFA2-1F64-4CC7-9B20-7895A051D6C5}.Debug|Any CPU.ActiveCfg = Debug|Any CPU
		{7080EFA2-1F64-4CC7-9B20-7895A051D6C5}.Debug|Any CPU.Build.0 = Debug|Any CPU
		{7080EFA2-1F64-4CC7-9B20-7895A051D6C5}.Release|Any CPU.ActiveCfg = Release|Any CPU
		{7080EFA2-1F64-4CC7-9B20-7895A051D6C5}.Release|Any CPU.Build.0 = Release|Any CPU
		{56758DFB-B5EE-49E8-90C9-3E6D3872C8CA}.Debug|Any CPU.ActiveCfg = Debug|Any CPU
		{56758DFB-B5EE-49E8-90C9-3E6D3872C8CA}.Debug|Any CPU.Build.0 = Debug|Any CPU
		{56758DFB-B5EE-49E8-90C9-3E6D3872C8CA}.Release|Any CPU.ActiveCfg = Release|Any CPU
		{56758DFB-B5EE-49E8-90C9-3E6D3872C8CA}.Release|Any CPU.Build.0 = Release|Any CPU
		{BBF3125D-1232-41D7-BB56-99272FEC64BE}.Debug|Any CPU.ActiveCfg = Debug|Any CPU
		{BBF3125D-1232-41D7-BB56-99272FEC64BE}.Debug|Any CPU.Build.0 = Debug|Any CPU
		{BBF3125D-1232-41D7-BB56-99272FEC64BE}.Release|Any CPU.ActiveCfg = Release|Any CPU
		{BBF3125D-1232-41D7-BB56-99272FEC64BE}.Release|Any CPU.Build.0 = Release|Any CPU
		{384074B6-1CE4-452C-A663-D7946376062C}.Debug|Any CPU.ActiveCfg = Debug|Any CPU
		{384074B6-1CE4-452C-A663-D7946376062C}.Debug|Any CPU.Build.0 = Debug|Any CPU
		{384074B6-1CE4-452C-A663-D7946376062C}.Release|Any CPU.ActiveCfg = Release|Any CPU
		{384074B6-1CE4-452C-A663-D7946376062C}.Release|Any CPU.Build.0 = Release|Any CPU
	EndGlobalSection
	GlobalSection(SolutionProperties) = preSolution
		HideSolutionNode = FALSE
	EndGlobalSection
	GlobalSection(ExtensibilityGlobals) = postSolution
		SolutionGuid = {D573697A-C0F1-46B9-81A1-CB823499E5DB}
	EndGlobalSection
EndGlobal
